
Microsoft Visual Studio Solution File, Format Version 12.00
# Visual Studio Version 16
VisualStudioVersion = 16.0.30717.126
MinimumVisualStudioVersion = 10.0.40219.1
Project("{FAE04EC0-301F-11D3-BF4B-00C04F79EFBC}") = "DefinetelyNotATestTask", "DefinetelyNotATestTask.csproj", "{83D71E35-2186-4C33-BE6D-D8151969DB78}"
EndProject
Global
	GlobalSection(SolutionConfigurationPlatforms) = preSolution
		Debug|Any CPU = Debug|Any CPU
		Release|Any CPU = Release|Any CPU
	EndGlobalSection
	GlobalSection(ProjectConfigurationPlatforms) = postSolution
		{83D71E35-2186-4C33-BE6D-D8151969DB78}.Debug|Any CPU.ActiveCfg = Debug|Any CPU
		{83D71E35-2186-4C33-BE6D-D8151969DB78}.Debug|Any CPU.Build.0 = Debug|Any CPU
		{83D71E35-2186-4C33-BE6D-D8151969DB78}.Release|Any CPU.ActiveCfg = Release|Any CPU
		{83D71E35-2186-4C33-BE6D-D8151969DB78}.Release|Any CPU.Build.0 = Release|Any CPU
	EndGlobalSection
	GlobalSection(SolutionProperties) = preSolution
		HideSolutionNode = FALSE
	EndGlobalSection
	GlobalSection(ExtensibilityGlobals) = postSolution
		SolutionGuid = {C8BE4470-3EF5-42CF-B3DB-577D8B20A6FE}
	EndGlobalSection
EndGlobal
